
Microsoft Visual Studio Solution File, Format Version 12.00
# Visual Studio Version 17
VisualStudioVersion = 17.7.34024.191
MinimumVisualStudioVersion = 10.0.40219.1
Project("{9A19103F-16F7-4668-BE54-9A1E7A4F7556}") = "SkySoft.CvRenderer.Cli", "SkySoft.CvRenderer.Cli\SkySoft.CvRenderer.Cli.csproj", "{DA36E492-930A-4BA7-BB9B-D614607760C8}"
EndProject
Project("{9A19103F-16F7-4668-BE54-9A1E7A4F7556}") = "SkySoft.CvRenderer", "SkySoft.CvRenderer\SkySoft.CvRenderer.csproj", "{14BA46AB-1B2E-4BDD-A55D-451532E56D25}"
EndProject
Project("{FAE04EC0-301F-11D3-BF4B-00C04F79EFBC}") = "SkySoft.CvRenderer.Api", "SkySoft.CvRenderer.Api\SkySoft.CvRenderer.Api.csproj", "{578FEF73-CAFA-47AC-BA9F-AF46D46B1E69}"
EndProject
Global
	GlobalSection(SolutionConfigurationPlatforms) = preSolution
		Debug|Any CPU = Debug|Any CPU
		Release|Any CPU = Release|Any CPU
	EndGlobalSection
	GlobalSection(ProjectConfigurationPlatforms) = postSolution
		{DA36E492-930A-4BA7-BB9B-D614607760C8}.Debug|Any CPU.ActiveCfg = Debug|Any CPU
		{DA36E492-930A-4BA7-BB9B-D614607760C8}.Debug|Any CPU.Build.0 = Debug|Any CPU
		{DA36E492-930A-4BA7-BB9B-D614607760C8}.Release|Any CPU.ActiveCfg = Release|Any CPU
		{DA36E492-930A-4BA7-BB9B-D614607760C8}.Release|Any CPU.Build.0 = Release|Any CPU
		{14BA46AB-1B2E-4BDD-A55D-451532E56D25}.Debug|Any CPU.ActiveCfg = Debug|Any CPU
		{14BA46AB-1B2E-4BDD-A55D-451532E56D25}.Debug|Any CPU.Build.0 = Debug|Any CPU
		{14BA46AB-1B2E-4BDD-A55D-451532E56D25}.Release|Any CPU.ActiveCfg = Release|Any CPU
		{14BA46AB-1B2E-4BDD-A55D-451532E56D25}.Release|Any CPU.Build.0 = Release|Any CPU
		{578FEF73-CAFA-47AC-BA9F-AF46D46B1E69}.Debug|Any CPU.ActiveCfg = Debug|Any CPU
		{578FEF73-CAFA-47AC-BA9F-AF46D46B1E69}.Debug|Any CPU.Build.0 = Debug|Any CPU
		{578FEF73-CAFA-47AC-BA9F-AF46D46B1E69}.Release|Any CPU.ActiveCfg = Release|Any CPU
		{578FEF73-CAFA-47AC-BA9F-AF46D46B1E69}.Release|Any CPU.Build.0 = Release|Any CPU
	EndGlobalSection
	GlobalSection(SolutionProperties) = preSolution
		HideSolutionNode = FALSE
	EndGlobalSection
	GlobalSection(ExtensibilityGlobals) = postSolution
		SolutionGuid = {A4F4FCF5-F58F-4A5C-B65F-288E7A5B6FAB}
	EndGlobalSection
EndGlobal
